
Microsoft Visual Studio Solution File, Format Version 12.00
# Visual Studio Version 16
VisualStudioVersion = 16.0.29905.134
MinimumVisualStudioVersion = 10.0.40219.1
Project("{FAE04EC0-301F-11D3-BF4B-00C04F79EFBC}") = "Matrici 2", "Matrici 2.csproj", "{19F2E6F8-58F1-4B53-BC35-610B820831A3}"
EndProject
Global
	GlobalSection(SolutionConfigurationPlatforms) = preSolution
		Debug|Any CPU = Debug|Any CPU
		Release|Any CPU = Release|Any CPU
	EndGlobalSection
	GlobalSection(ProjectConfigurationPlatforms) = postSolution
		{19F2E6F8-58F1-4B53-BC35-610B820831A3}.Debug|Any CPU.ActiveCfg = Debug|Any CPU
		{19F2E6F8-58F1-4B53-BC35-610B820831A3}.Debug|Any CPU.Build.0 = Debug|Any CPU
		{19F2E6F8-58F1-4B53-BC35-610B820831A3}.Release|Any CPU.ActiveCfg = Release|Any CPU
		{19F2E6F8-58F1-4B53-BC35-610B820831A3}.Release|Any CPU.Build.0 = Release|Any CPU
	EndGlobalSection
	GlobalSection(SolutionProperties) = preSolution
		HideSolutionNode = FALSE
	EndGlobalSection
	GlobalSection(ExtensibilityGlobals) = postSolution
		SolutionGuid = {DDF7E45A-2DCF-4395-B8F4-FDF0F0596F7C}
	EndGlobalSection
EndGlobal
